
Microsoft Visual Studio Solution File, Format Version 12.00
# Visual Studio Version 17
VisualStudioVersion = 17.8.34330.188
MinimumVisualStudioVersion = 10.0.40219.1
Project("{9A19103F-16F7-4668-BE54-9A1E7A4F7556}") = "ConsoleApp", "ConsoleApp\ConsoleApp.csproj", "{6C10FA11-BD98-4863-8A3C-BB72F0315724}"
EndProject
Project("{9A19103F-16F7-4668-BE54-9A1E7A4F7556}") = "Core", "Core\Core.csproj", "{22B9C244-2F78-4B6A-A6F3-DA89C79C3648}"
EndProject
Project("{9A19103F-16F7-4668-BE54-9A1E7A4F7556}") = "Auxiliary", "Auxiliary\Auxiliary.csproj", "{F035856F-FB43-48A5-A9CC-617E4E3CA843}"
EndProject
Project("{FAE04EC0-301F-11D3-BF4B-00C04F79EFBC}") = "Core.Tests", "Tests\Core.Tests\Core.Tests.csproj", "{4C99D19A-E581-4600-8803-1BFCE79C3718}"
EndProject
Project("{2150E333-8FDC-42A3-9474-1A3956D46DE8}") = "Tests", "Tests", "{8EBAA125-AE79-453D-910E-AED311B08A19}"
EndProject
Project("{2150E333-8FDC-42A3-9474-1A3956D46DE8}") = "Solution Items", "Solution Items", "{F06E2CFC-3A75-4C70-9B2F-BF8718E4CD52}"
	ProjectSection(SolutionItems) = preProject
		.editorconfig = .editorconfig
	EndProjectSection
EndProject
Project("{FAE04EC0-301F-11D3-BF4B-00C04F79EFBC}") = "WinApp", "WinApp\WinApp.csproj", "{A530681A-2703-4F10-ACAC-276E299E2B28}"
EndProject
Global
	GlobalSection(SolutionConfigurationPlatforms) = preSolution
		Debug|Any CPU = Debug|Any CPU
		Release|Any CPU = Release|Any CPU
	EndGlobalSection
	GlobalSection(ProjectConfigurationPlatforms) = postSolution
		{6C10FA11-BD98-4863-8A3C-BB72F0315724}.Debug|Any CPU.ActiveCfg = Debug|Any CPU
		{6C10FA11-BD98-4863-8A3C-BB72F0315724}.Debug|Any CPU.Build.0 = Debug|Any CPU
		{6C10FA11-BD98-4863-8A3C-BB72F0315724}.Release|Any CPU.ActiveCfg = Release|Any CPU
		{6C10FA11-BD98-4863-8A3C-BB72F0315724}.Release|Any CPU.Build.0 = Release|Any CPU
		{22B9C244-2F78-4B6A-A6F3-DA89C79C3648}.Debug|Any CPU.ActiveCfg = Debug|Any CPU
		{22B9C244-2F78-4B6A-A6F3-DA89C79C3648}.Debug|Any CPU.Build.0 = Debug|Any CPU
		{22B9C244-2F78-4B6A-A6F3-DA89C79C3648}.Release|Any CPU.ActiveCfg = Release|Any CPU
		{22B9C244-2F78-4B6A-A6F3-DA89C79C3648}.Release|Any CPU.Build.0 = Release|Any CPU
		{F035856F-FB43-48A5-A9CC-617E4E3CA843}.Debug|Any CPU.ActiveCfg = Debug|Any CPU
		{F035856F-FB43-48A5-A9CC-617E4E3CA843}.Debug|Any CPU.Build.0 = Debug|Any CPU
		{F035856F-FB43-48A5-A9CC-617E4E3CA843}.Release|Any CPU.ActiveCfg = Release|Any CPU
		{F035856F-FB43-48A5-A9CC-617E4E3CA843}.Release|Any CPU.Build.0 = Release|Any CPU
		{4C99D19A-E581-4600-8803-1BFCE79C3718}.Debug|Any CPU.ActiveCfg = Debug|Any CPU
		{4C99D19A-E581-4600-8803-1BFCE79C3718}.Debug|Any CPU.Build.0 = Debug|Any CPU
		{4C99D19A-E581-4600-8803-1BFCE79C3718}.Release|Any CPU.ActiveCfg = Release|Any CPU
		{4C99D19A-E581-4600-8803-1BFCE79C3718}.Release|Any CPU.Build.0 = Release|Any CPU
		{A530681A-2703-4F10-ACAC-276E299E2B28}.Debug|Any CPU.ActiveCfg = Debug|Any CPU
		{A530681A-2703-4F10-ACAC-276E299E2B28}.Debug|Any CPU.Build.0 = Debug|Any CPU
		{A530681A-2703-4F10-ACAC-276E299E2B28}.Release|Any CPU.ActiveCfg = Release|Any CPU
		{A530681A-2703-4F10-ACAC-276E299E2B28}.Release|Any CPU.Build.0 = Release|Any CPU
	EndGlobalSection
	GlobalSection(SolutionProperties) = preSolution
		HideSolutionNode = FALSE
	EndGlobalSection
	GlobalSection(NestedProjects) = preSolution
		{4C99D19A-E581-4600-8803-1BFCE79C3718} = {8EBAA125-AE79-453D-910E-AED311B08A19}
	EndGlobalSection
	GlobalSection(ExtensibilityGlobals) = postSolution
		SolutionGuid = {C8A70BF1-36BF-4D60-B024-8A93464BB6E8}
	EndGlobalSection
EndGlobal
